schema: '2.0'
stages:
  preprocess:
    cmd: python src/preprocess.py params.yaml
    deps:
    - path: data/dataset_v1.csv
      hash: md5
      md5: fa9fe4cf24f70b69ac65fb33062ddf34
      size: 1915795
    - path: src/preprocess.py
      hash: md5
      md5: 80ee945785b424faadbf2bd226e90e06
      size: 912
    outs:
    - path: data/processed.csv
      hash: md5
      md5: 1de64d7671b87bc1e3ca60109d50129d
      size: 1910089
  train:
    cmd: python src/train.py params.yaml
    deps:
    - path: data/processed.csv
      hash: md5
      md5: 1de64d7671b87bc1e3ca60109d50129d
      size: 1910089
    - path: src/train.py
      hash: md5
      md5: e1d0488ce2d3fdc50dad6f64be4bb2c6
      size: 2332
    outs:
    - path: metrics_train.json
      hash: md5
      md5: 7861cd61a5c07967b6bbc7977b856618
      size: 47
    - path: model.pkl
      hash: md5
      md5: d0ea796a182e93dd0b4b5fe9e8ad5761
      size: 137709
  evaluate:
    cmd: python src/evaluate.py params.yaml
    deps:
    - path: data/processed.csv
      hash: md5
      md5: 1de64d7671b87bc1e3ca60109d50129d
      size: 1910089
    - path: model.pkl
      hash: md5
      md5: d0ea796a182e93dd0b4b5fe9e8ad5761
      size: 137709
    - path: src/evaluate.py
      hash: md5
      md5: 835d51c93b4fd98533bbe9febae16765
      size: 635
    outs:
    - path: metrics_eval.json
      hash: md5
      md5: 2b98d2b41ee804bdb419a3801f528ea9
      size: 15
