schema: '2.0'
stages:
  preprocess:
    cmd: python src/preprocess.py params.yaml
    deps:
    - path: data/dataset_v4.csv
      hash: md5
      md5: b77fe71374c05100ce9eb25813e4c163
      size: 2016976
    - path: src/preprocess.py
      hash: md5
      md5: de1b9e8fc0d585a9db6be90062da53a3
      size: 993
    outs:
    - path: data/processed.csv
      hash: md5
      md5: b77fe71374c05100ce9eb25813e4c163
      size: 2016976
  train:
    cmd: python src/train.py params.yaml
    deps:
    - path: data/processed.csv
      hash: md5
      md5: b77fe71374c05100ce9eb25813e4c163
      size: 2016976
    - path: src/train.py
      hash: md5
      md5: e1d0488ce2d3fdc50dad6f64be4bb2c6
      size: 2332
    outs:
    - path: metrics_train.json
      hash: md5
      md5: 93cd169c7c61dce095d732456f929acd
      size: 47
    - path: model.pkl
      hash: md5
      md5: 2418ea4d07e00a72f1870659a77de499
      size: 138861
  evaluate:
    cmd: python src/evaluate.py params.yaml
    deps:
    - path: data/processed.csv
      hash: md5
      md5: b77fe71374c05100ce9eb25813e4c163
      size: 2016976
    - path: model.pkl
      hash: md5
      md5: 2418ea4d07e00a72f1870659a77de499
      size: 138861
    - path: src/evaluate.py
      hash: md5
      md5: 835d51c93b4fd98533bbe9febae16765
      size: 635
    outs:
    - path: metrics_eval.json
      hash: md5
      md5: e39fbf2c488f80666804f1181ab21d84
      size: 15
